<Solution>
  <Project Path="_10_Task_OneToOne_JWT/_10_Task_OneToOne_JWT.csproj" Id="4269c954-57f5-4f14-9ca8-cea0f000566d" />
  <Project Path="_11_Custom_MiddleWare/_11_Custom_MiddleWare.csproj" Id="c3427cc9-356a-4601-96ed-05bc5ae47557" />
  <Project Path="_1_FirstApi/_01_FirstApi.csproj" />
  <Project Path="_2_StudentApi/_02_DTO_StudentApi.csproj" />
  <Project Path="_3_Student_Management/_03_Student_Management.csproj" Id="babc4da8-05ea-4ce4-a58c-085c7a3af623" />
  <Project Path="_4_DbFirst_Api/_04_DbFirst_Api.csproj" Id="8d97ce55-65e2-4ae6-9ac4-6dd19f0a2cea" />
  <Project Path="_5_Versioning/_05_Versioning.csproj" Id="31535f0a-1fe5-4633-a3b5-1240e4fba34d" />
  <Project Path="_6_HttpClient/_06_HttpClient.csproj" Id="532d9271-220a-4f1e-b956-e244bc14c1d5" />
  <Project Path="_7_Change_Data_HttpClient/_07_Change_Data_HttpClient.csproj" Id="84db2858-b351-4a35-875c-cddc29ac4d3b" />
  <Project Path="_8_Task_CollegeHostel/_08_Task_CollegeHostel.csproj" Id="39d5918c-5cc7-42d3-85e5-42c5029e35cb" />
  <Project Path="_9_JWT_Auth/_09_JWT_Auth.csproj" Id="6a7010ff-f329-4f9a-a88f-8f365646bdea" />
</Solution>
