Microsoft Visual Studio Solution File, Format Version 12.00
# Visual Studio Version 17
VisualStudioVersion = 17.5.2.0
MinimumVisualStudioVersion = 10.0.40219.1
Project("{FAE04EC0-301F-11D3-BF4B-00C04F79EFBC}") = "_6_ConsoleReq", "_6_ConsoleReq\_6_ConsoleReq.csproj", "{BA36848E-95B4-A815-14A7-22C95231C3EB}"
EndProject
Global
	GlobalSection(SolutionConfigurationPlatforms) = preSolution
		Debug|Any CPU = Debug|Any CPU
		Release|Any CPU = Release|Any CPU
	EndGlobalSection
	GlobalSection(ProjectConfigurationPlatforms) = postSolution
		{BA36848E-95B4-A815-14A7-22C95231C3EB}.Debug|Any CPU.ActiveCfg = Debug|Any CPU
		{BA36848E-95B4-A815-14A7-22C95231C3EB}.Debug|Any CPU.Build.0 = Debug|Any CPU
		{BA36848E-95B4-A815-14A7-22C95231C3EB}.Release|Any CPU.ActiveCfg = Release|Any CPU
		{BA36848E-95B4-A815-14A7-22C95231C3EB}.Release|Any CPU.Build.0 = Release|Any CPU
	EndGlobalSection
	GlobalSection(SolutionProperties) = preSolution
		HideSolutionNode = FALSE
	EndGlobalSection
	GlobalSection(ExtensibilityGlobals) = postSolution
		SolutionGuid = {7A50AC25-07A6-4991-8F3E-C5A90E0A4575}
	EndGlobalSection
EndGlobal
